
Microsoft Visual Studio Solution File, Format Version 12.00
# Visual Studio Version 16
VisualStudioVersion = 16.0.30011.22
MinimumVisualStudioVersion = 10.0.40219.1
Project("{9A19103F-16F7-4668-BE54-9A1E7A4F7556}") = "weatherReport", "weatherReport.csproj", "{B70C35E7-3CB8-4937-98C5-9588A1E8AAE5}"
EndProject
Global
	GlobalSection(SolutionConfigurationPlatforms) = preSolution
		Debug|Any CPU = Debug|Any CPU
		Release|Any CPU = Release|Any CPU
	EndGlobalSection
	GlobalSection(ProjectConfigurationPlatforms) = postSolution
		{B70C35E7-3CB8-4937-98C5-9588A1E8AAE5}.Debug|Any CPU.ActiveCfg = Debug|Any CPU
		{B70C35E7-3CB8-4937-98C5-9588A1E8AAE5}.Debug|Any CPU.Build.0 = Debug|Any CPU
		{B70C35E7-3CB8-4937-98C5-9588A1E8AAE5}.Release|Any CPU.ActiveCfg = Release|Any CPU
		{B70C35E7-3CB8-4937-98C5-9588A1E8AAE5}.Release|Any CPU.Build.0 = Release|Any CPU
	EndGlobalSection
	GlobalSection(SolutionProperties) = preSolution
		HideSolutionNode = FALSE
	EndGlobalSection
	GlobalSection(ExtensibilityGlobals) = postSolution
		SolutionGuid = {48875A60-E183-4642-B393-8CCB5AFE16A8}
	EndGlobalSection
EndGlobal
